langcode: en
status: true
dependencies:
  module:
    - webny_global_nav
  theme:
    - dfs_ny
id: webnyglobalnavigationblock
theme: dfs_ny
region: header
weight: 1
provider: null
plugin: webny_global_nav_block
settings:
  id: webny_global_nav_block
  label: 'Global Navigation Block'
  provider: webny_global_nav
  label_display: '0'
visibility: {  }
