uuid: 831ff6e0-1020-4d7b-9c6a-4d0f7707666d
langcode: en
status: true
dependencies:
  module:
    - webny_global_nav
  theme:
    - dfs_ny
id: webnyglobalnavigationblock
theme: dfs_ny
region: header
weight: -11
provider: null
plugin: webny_global_nav_block
settings:
  id: webny_global_nav_block
  label: 'Department of Financial Services '
  provider: webny_global_nav
  label_display: visible
visibility: {  }
