uuid: 0c42ec6f-9e55-4efb-a9b7-abeef622e70d
langcode: en
status: true
dependencies:
  module:
    - webny_global_nav
  theme:
    - dfs_ny
_core:
  default_config_hash: pJQ73gqoR5fcVn3KDdBMKMilDKAa5_fwu3N30nDWKyo
id: webnyglobalnavigationblock
theme: dfs_ny
region: header
weight: 1
provider: null
plugin: webny_global_nav_block
settings:
  id: webny_global_nav_block
  label: 'Global Navigation Block'
  provider: webny_global_nav
  label_display: '0'
visibility: {  }
