uuid: 5331eaa8-c218-4705-825f-7efaeafb10f3
langcode: en
status: true
dependencies:
  content:
    - 'block_content:search_block:87dde6b5-d0d7-45d6-85c2-e3086323dea9'
  module:
    - block_content
  theme:
    - dfs_ny
id: dfssearchformblock
theme: dfs_ny
region: header
weight: 0
provider: null
plugin: 'block_content:87dde6b5-d0d7-45d6-85c2-e3086323dea9'
settings:
  id: 'block_content:87dde6b5-d0d7-45d6-85c2-e3086323dea9'
  label: 'DFS Search Form Block'
  provider: block_content
  label_display: '0'
  status: true
  info: ''
  view_mode: full
visibility: {  }
