uuid: 1adad700-3783-40d6-9a8b-8e1ad6291ed5
langcode: en
status: true
dependencies:
  module:
    - public_appeal_search
    - system
  theme:
    - dfs_ny
id: publicappealsearchblock
theme: dfs_ny
region: content
weight: 0
provider: null
plugin: public_appeal_search_block
settings:
  id: public_appeal_search_block
  label: 'Public Appeal Search Block'
  provider: public_appeal_search
  label_display: '0'
visibility:
  request_path:
    id: request_path
    pages: /public-appeal/search
    negate: false
    context_mapping: {  }
