uuid: ddfc536b-e3b0-4c2b-ac7b-60ed71f1c71a
langcode: en
status: true
dependencies:
  content:
    - 'block_content:dfs_block:312e1937-11d0-40ad-a051-4c6597358efe'
  module:
    - block_content
    - system
  theme:
    - dfs_ny
id: publicappealsloadblock
theme: dfs_ny
region: content
weight: 0
provider: null
plugin: 'block_content:312e1937-11d0-40ad-a051-4c6597358efe'
settings:
  id: 'block_content:312e1937-11d0-40ad-a051-4c6597358efe'
  label: 'Public Appeals Load Block'
  provider: block_content
  label_display: '0'
  status: true
  info: ''
  view_mode: full
visibility:
  request_path:
    id: request_path
    pages: /public-appeal/search
    negate: false
    context_mapping: {  }
