uuid: a1539b43-d398-42e9-8438-336b21de2126
langcode: en
status: true
dependencies:
  module:
    - block_content
    - text
id: block_content.field_question_block
field_name: field_question_block
entity_type: block_content
type: text_long
settings: {  }
module: text
locked: false
cardinality: -1
translatable: true
indexes: {  }
persist_with_no_fields: false
custom_storage: false
