langcode: en
status: true
dependencies:
  content:
    - 'block_content:contact_form_block:f1dbf1f6-0243-4b7c-8701-1a08709ef8cf'
  module:
    - block_content
id: contactformblock
theme: webny_theme
region: content
weight: -1
provider: null
plugin: 'block_content:f1dbf1f6-0243-4b7c-8701-1a08709ef8cf'
settings:
  id: 'block_content:f1dbf1f6-0243-4b7c-8701-1a08709ef8cf'
  label: 'Contact Form Block'
  provider: block_content
  label_display: visible
  status: true
  info: ''
  view_mode: full
visibility: {  }
