langcode: en
status: true
dependencies:
  content:
    - 'block_content:form_description_block_type:d6b1b679-562f-4844-bd1a-26c9e74bb666'
  module:
    - block_content
    - system
  theme:
    - webny_theme
id: contactformdescriptionblock
theme: webny_theme
region: content
weight: -1
provider: null
plugin: 'block_content:d6b1b679-562f-4844-bd1a-26c9e74bb666'
settings:
  id: 'block_content:d6b1b679-562f-4844-bd1a-26c9e74bb666'
  label: 'Contact Form Description Block'
  provider: block_content
  label_display: visible
  status: true
  info: ''
  view_mode: full
visibility:
  request_path:
    id: request_path
    pages: '/contact/*'
    negate: false
    context_mapping: {  }
