langcode: en
status: true
dependencies:
  content:
    - 'block_content:form_description_block_type:8e75199b-92c2-4576-9f05-5f8f1dd9be58'
  module:
    - block_content
    - system
  theme:
    - webny_theme
id: contactformdescriptionblock
theme: webny_theme
region: content
weight: null
provider: null
plugin: 'block_content:8e75199b-92c2-4576-9f05-5f8f1dd9be58'
settings:
  id: 'block_content:8e75199b-92c2-4576-9f05-5f8f1dd9be58'
  label: 'Contact Form Description Block'
  provider: block_content
  label_display: visible
  status: true
  info: ''
  view_mode: full
visibility:
  request_path:
    id: request_path
    pages: '/contact/*'
    negate: false
    context_mapping: {  }
